// !$*UTF8*$!
{
	archiveVersion = 1;
	classes = {
	};
	objectVersion = 56;
	objects = {

/* Begin PBXBuildFile section */
		5217F3482A92C80800379E61 /* CatMemeGeneratorApp.swift in Sources */ = {isa = PBXBuildFile; fileRef = 5217F3472A92C80800379E61 /* CatMemeGeneratorApp.swift */; };
		5217F34C2A92C80900379E61 /* Assets.xcassets in Resources */ = {isa = PBXBuildFile; fileRef = 5217F34B2A92C80900379E61 /* Assets.xcassets */; };
		5217F34F2A92C80900379E61 /* Preview Assets.xcassets in Resources */ = {isa = PBXBuildFile; fileRef = 5217F34E2A92C80900379E61 /* Preview Assets.xcassets */; };
		5217F3562A92C94800379E61 /* AppCoordinator.swift in Sources */ = {isa = PBXBuildFile; fileRef = 5217F3552A92C94800379E61 /* AppCoordinator.swift */; };
		5217F35D2A92C9F300379E61 /* HomeViewModel.swift in Sources */ = {isa = PBXBuildFile; fileRef = 5217F35A2A92C9F300379E61 /* HomeViewModel.swift */; };
		5217F35E2A92C9F300379E61 /* HomeView.swift in Sources */ = {isa = PBXBuildFile; fileRef = 5217F35B2A92C9F300379E61 /* HomeView.swift */; };
		5217F35F2A92C9F300379E61 /* HomeCoordinator.swift in Sources */ = {isa = PBXBuildFile; fileRef = 5217F35C2A92C9F300379E61 /* HomeCoordinator.swift */; };
		5217F3712A92CB5000379E61 /* CatRandomViewModel.swift in Sources */ = {isa = PBXBuildFile; fileRef = 5217F36A2A92CB5000379E61 /* CatRandomViewModel.swift */; };
		5217F3722A92CB5000379E61 /* CatRandomView.swift in Sources */ = {isa = PBXBuildFile; fileRef = 5217F36B2A92CB5000379E61 /* CatRandomView.swift */; };
		5217F3752A92CB7B00379E61 /* RxCocoa in Frameworks */ = {isa = PBXBuildFile; productRef = 5217F3742A92CB7B00379E61 /* RxCocoa */; };
		5217F3772A92CB7B00379E61 /* RxSwift in Frameworks */ = {isa = PBXBuildFile; productRef = 5217F3762A92CB7B00379E61 /* RxSwift */; };
		5217F38F2A93700200379E61 /* APIManager.swift in Sources */ = {isa = PBXBuildFile; fileRef = 5217F3872A93700200379E61 /* APIManager.swift */; };
		5217F3902A93700200379E61 /* UseCases.swift in Sources */ = {isa = PBXBuildFile; fileRef = 5217F3892A93700200379E61 /* UseCases.swift */; };
		5217F3912A93700200379E61 /* CatMemeView.swift in Sources */ = {isa = PBXBuildFile; fileRef = 5217F38B2A93700200379E61 /* CatMemeView.swift */; };
		5217F3922A93700200379E61 /* CatMemeViewModel.swift in Sources */ = {isa = PBXBuildFile; fileRef = 5217F38C2A93700200379E61 /* CatMemeViewModel.swift */; };
		5217F3932A93700200379E61 /* Repository.swift in Sources */ = {isa = PBXBuildFile; fileRef = 5217F38E2A93700200379E61 /* Repository.swift */; };
/* End PBXBuildFile section */

/* Begin PBXFileReference section */
		5217F3442A92C80800379E61 /* CatMemeGenerator.app */ = {isa = PBXFileReference; explicitFileType = wrapper.application; includeInIndex = 0; path = CatMemeGenerator.app; sourceTree = BUILT_PRODUCTS_DIR; };
		5217F3472A92C80800379E61 /* CatMemeGeneratorApp.swift */ = {isa = PBXFileReference; lastKnownFileType = sourcecode.swift; path = CatMemeGeneratorApp.swift; sourceTree = "<group>"; };
		5217F34B2A92C80900379E61 /* Assets.xcassets */ = {isa = PBXFileReference; lastKnownFileType = folder.assetcatalog; path = Assets.xcassets; sourceTree = "<group>"; };
		5217F34E2A92C80900379E61 /* Preview Assets.xcassets */ = {isa = PBXFileReference; lastKnownFileType = folder.assetcatalog; path = "Preview Assets.xcassets"; sourceTree = "<group>"; };
		5217F3552A92C94800379E61 /* AppCoordinator.swift */ = {isa = PBXFileReference; fileEncoding = 4; lastKnownFileType = sourcecode.swift; path = AppCoordinator.swift; sourceTree = "<group>"; };
		5217F35A2A92C9F300379E61 /* HomeViewModel.swift */ = {isa = PBXFileReference; fileEncoding = 4; lastKnownFileType = sourcecode.swift; path = HomeViewModel.swift; sourceTree = "<group>"; };
		5217F35B2A92C9F300379E61 /* HomeView.swift */ = {isa = PBXFileReference; fileEncoding = 4; lastKnownFileType = sourcecode.swift; path = HomeView.swift; sourceTree = "<group>"; };
		5217F35C2A92C9F300379E61 /* HomeCoordinator.swift */ = {isa = PBXFileReference; fileEncoding = 4; lastKnownFileType = sourcecode.swift; path = HomeCoordinator.swift; sourceTree = "<group>"; };
		5217F36A2A92CB5000379E61 /* CatRandomViewModel.swift */ = {isa = PBXFileReference; fileEncoding = 4; lastKnownFileType = sourcecode.swift; path = CatRandomViewModel.swift; sourceTree = "<group>"; };
		5217F36B2A92CB5000379E61 /* CatRandomView.swift */ = {isa = PBXFileReference; fileEncoding = 4; lastKnownFileType = sourcecode.swift; path = CatRandomView.swift; sourceTree = "<group>"; };
		5217F3872A93700200379E61 /* APIManager.swift */ = {isa = PBXFileReference; fileEncoding = 4; lastKnownFileType = sourcecode.swift; path = APIManager.swift; sourceTree = "<group>"; };
		5217F3892A93700200379E61 /* UseCases.swift */ = {isa = PBXFileReference; fileEncoding = 4; lastKnownFileType = sourcecode.swift; path = UseCases.swift; sourceTree = "<group>"; };
		5217F38B2A93700200379E61 /* CatMemeView.swift */ = {isa = PBXFileReference; fileEncoding = 4; lastKnownFileType = sourcecode.swift; path = CatMemeView.swift; sourceTree = "<group>"; };
		5217F38C2A93700200379E61 /* CatMemeViewModel.swift */ = {isa = PBXFileReference; fileEncoding = 4; lastKnownFileType = sourcecode.swift; path = CatMemeViewModel.swift; sourceTree = "<group>"; };
		5217F38E2A93700200379E61 /* Repository.swift */ = {isa = PBXFileReference; fileEncoding = 4; lastKnownFileType = sourcecode.swift; path = Repository.swift; sourceTree = "<group>"; };
/* End PBXFileReference section */

/* Begin PBXFrameworksBuildPhase section */
		5217F3412A92C80800379E61 /* Frameworks */ = {
			isa = PBXFrameworksBuildPhase;
			buildActionMask = 2147483647;
			files = (
				5217F3772A92CB7B00379E61 /* RxSwift in Frameworks */,
				5217F3752A92CB7B00379E61 /* RxCocoa in Frameworks */,
			);
			runOnlyForDeploymentPostprocessing = 0;
		};
/* End PBXFrameworksBuildPhase section */

/* Begin PBXGroup section */
		5217F33B2A92C80800379E61 = {
			isa = PBXGroup;
			children = (
				5217F3462A92C80800379E61 /* CatMemeGenerator */,
				5217F3452A92C80800379E61 /* Products */,
			);
			sourceTree = "<group>";
		};
		5217F3452A92C80800379E61 /* Products */ = {
			isa = PBXGroup;
			children = (
				5217F3442A92C80800379E61 /* CatMemeGenerator.app */,
			);
			name = Products;
			sourceTree = "<group>";
		};
		5217F3462A92C80800379E61 /* CatMemeGenerator */ = {
			isa = PBXGroup;
			children = (
				5217F3472A92C80800379E61 /* CatMemeGeneratorApp.swift */,
				5217F3552A92C94800379E61 /* AppCoordinator.swift */,
				5217F38D2A93700200379E61 /* Repository */,
				5217F3862A93700200379E61 /* APIManager */,
				5217F3882A93700200379E61 /* UseCases */,
				5217F3592A92C9F300379E61 /* HomeView */,
				5217F38A2A93700200379E61 /* CatMemeGenerator */,
				5217F3692A92CB5000379E61 /* CatRandomGenerator */,
				5217F34B2A92C80900379E61 /* Assets.xcassets */,
				5217F34D2A92C80900379E61 /* Preview Content */,
			);
			path = CatMemeGenerator;
			sourceTree = "<group>";
		};
		5217F34D2A92C80900379E61 /* Preview Content */ = {
			isa = PBXGroup;
			children = (
				5217F34E2A92C80900379E61 /* Preview Assets.xcassets */,
			);
			path = "Preview Content";
			sourceTree = "<group>";
		};
		5217F3592A92C9F300379E61 /* HomeView */ = {
			isa = PBXGroup;
			children = (
				5217F35B2A92C9F300379E61 /* HomeView.swift */,
				5217F35A2A92C9F300379E61 /* HomeViewModel.swift */,
				5217F35C2A92C9F300379E61 /* HomeCoordinator.swift */,
			);
			path = HomeView;
			sourceTree = "<group>";
		};
		5217F3692A92CB5000379E61 /* CatRandomGenerator */ = {
			isa = PBXGroup;
			children = (
				5217F36A2A92CB5000379E61 /* CatRandomViewModel.swift */,
				5217F36B2A92CB5000379E61 /* CatRandomView.swift */,
			);
			path = CatRandomGenerator;
			sourceTree = "<group>";
		};
		5217F3862A93700200379E61 /* APIManager */ = {
			isa = PBXGroup;
			children = (
				5217F3872A93700200379E61 /* APIManager.swift */,
			);
			path = APIManager;
			sourceTree = "<group>";
		};
		5217F3882A93700200379E61 /* UseCases */ = {
			isa = PBXGroup;
			children = (
				5217F3892A93700200379E61 /* UseCases.swift */,
			);
			path = UseCases;
			sourceTree = "<group>";
		};
		5217F38A2A93700200379E61 /* CatMemeGenerator */ = {
			isa = PBXGroup;
			children = (
				5217F38B2A93700200379E61 /* CatMemeView.swift */,
				5217F38C2A93700200379E61 /* CatMemeViewModel.swift */,
			);
			path = CatMemeGenerator;
			sourceTree = "<group>";
		};
		5217F38D2A93700200379E61 /* Repository */ = {
			isa = PBXGroup;
			children = (
				5217F38E2A93700200379E61 /* Repository.swift */,
			);
			path = Repository;
			sourceTree = "<group>";
		};
/* End PBXGroup section */

/* Begin PBXNativeTarget section */
		5217F3432A92C80800379E61 /* CatMemeGenerator */ = {
			isa = PBXNativeTarget;
			buildConfigurationList = 5217F3522A92C80900379E61 /* Build configuration list for PBXNativeTarget "CatMemeGenerator" */;
			buildPhases = (
				5217F3402A92C80800379E61 /* Sources */,
				5217F3412A92C80800379E61 /* Frameworks */,
				5217F3422A92C80800379E61 /* Resources */,
			);
			buildRules = (
			);
			dependencies = (
			);
			name = CatMemeGenerator;
			packageProductDependencies = (
				5217F3742A92CB7B00379E61 /* RxCocoa */,
				5217F3762A92CB7B00379E61 /* RxSwift */,
			);
			productName = CatMemeGenerator;
			productReference = 5217F3442A92C80800379E61 /* CatMemeGenerator.app */;
			productType = "com.apple.product-type.application";
		};
/* End PBXNativeTarget section */

/* Begin PBXProject section */
		5217F33C2A92C80800379E61 /* Project object */ = {
			isa = PBXProject;
			attributes = {
				BuildIndependentTargetsInParallel = 1;
				LastSwiftUpdateCheck = 1400;
				LastUpgradeCheck = 1400;
				TargetAttributes = {
					5217F3432A92C80800379E61 = {
						CreatedOnToolsVersion = 14.0;
					};
				};
			};
			buildConfigurationList = 5217F33F2A92C80800379E61 /* Build configuration list for PBXProject "CatMemeGenerator" */;
			compatibilityVersion = "Xcode 14.0";
			developmentRegion = en;
			hasScannedForEncodings = 0;
			knownRegions = (
				en,
				Base,
			);
			mainGroup = 5217F33B2A92C80800379E61;
			packageReferences = (
				5217F3732A92CB7B00379E61 /* XCRemoteSwiftPackageReference "RxSwift" */,
			);
			productRefGroup = 5217F3452A92C80800379E61 /* Products */;
			projectDirPath = "";
			projectRoot = "";
			targets = (
				5217F3432A92C80800379E61 /* CatMemeGenerator */,
			);
		};
/* End PBXProject section */

/* Begin PBXResourcesBuildPhase section */
		5217F3422A92C80800379E61 /* Resources */ = {
			isa = PBXResourcesBuildPhase;
			buildActionMask = 2147483647;
			files = (
				5217F34F2A92C80900379E61 /* Preview Assets.xcassets in Resources */,
				5217F34C2A92C80900379E61 /* Assets.xcassets in Resources */,
			);
			runOnlyForDeploymentPostprocessing = 0;
		};
/* End PBXResourcesBuildPhase section */

/* Begin PBXSourcesBuildPhase section */
		5217F3402A92C80800379E61 /* Sources */ = {
			isa = PBXSourcesBuildPhase;
			buildActionMask = 2147483647;
			files = (
				5217F38F2A93700200379E61 /* APIManager.swift in Sources */,
				5217F3562A92C94800379E61 /* AppCoordinator.swift in Sources */,
				5217F35E2A92C9F300379E61 /* HomeView.swift in Sources */,
				5217F35F2A92C9F300379E61 /* HomeCoordinator.swift in Sources */,
				5217F3902A93700200379E61 /* UseCases.swift in Sources */,
				5217F3912A93700200379E61 /* CatMemeView.swift in Sources */,
				5217F3722A92CB5000379E61 /* CatRandomView.swift in Sources */,
				5217F35D2A92C9F300379E61 /* HomeViewModel.swift in Sources */,
				5217F3482A92C80800379E61 /* CatMemeGeneratorApp.swift in Sources */,
				5217F3712A92CB5000379E61 /* CatRandomViewModel.swift in Sources */,
				5217F3922A93700200379E61 /* CatMemeViewModel.swift in Sources */,
				5217F3932A93700200379E61 /* Repository.swift in Sources */,
			);
			runOnlyForDeploymentPostprocessing = 0;
		};
/* End PBXSourcesBuildPhase section */

/* Begin XCBuildConfiguration section */
		5217F3502A92C80900379E61 /* Debug */ = {
			isa = XCBuildConfiguration;
			buildSettings = {
				ALWAYS_SEARCH_USER_PATHS = NO;
				CLANG_ANALYZER_NONNULL = YES;
				CLANG_ANALYZER_NUMBER_OBJECT_CONVERSION = YES_AGGRESSIVE;
				CLANG_CXX_LANGUAGE_STANDARD = "gnu++20";
				CLANG_ENABLE_MODULES = YES;
				CLANG_ENABLE_OBJC_ARC = YES;
				CLANG_ENABLE_OBJC_WEAK = YES;
				CLANG_WARN_BLOCK_CAPTURE_AUTORELEASING = YES;
				CLANG_WARN_BOOL_CONVERSION = YES;
				CLANG_WARN_COMMA = YES;
				CLANG_WARN_CONSTANT_CONVERSION = YES;
				CLANG_WARN_DEPRECATED_OBJC_IMPLEMENTATIONS = YES;
				CLANG_WARN_DIRECT_OBJC_ISA_USAGE = YES_ERROR;
				CLANG_WARN_DOCUMENTATION_COMMENTS = YES;
				CLANG_WARN_EMPTY_BODY = YES;
				CLANG_WARN_ENUM_CONVERSION = YES;
				CLANG_WARN_INFINITE_RECURSION = YES;
				CLANG_WARN_INT_CONVERSION = YES;
				CLANG_WARN_NON_LITERAL_NULL_CONVERSION = YES;
				CLANG_WARN_OBJC_IMPLICIT_RETAIN_SELF = YES;
				CLANG_WARN_OBJC_LITERAL_CONVERSION = YES;
				CLANG_WARN_OBJC_ROOT_CLASS = YES_ERROR;
				CLANG_WARN_QUOTED_INCLUDE_IN_FRAMEWORK_HEADER = YES;
				CLANG_WARN_RANGE_LOOP_ANALYSIS = YES;
				CLANG_WARN_STRICT_PROTOTYPES = YES;
				CLANG_WARN_SUSPICIOUS_MOVE = YES;
				CLANG_WARN_UNGUARDED_AVAILABILITY = YES_AGGRESSIVE;
				CLANG_WARN_UNREACHABLE_CODE = YES;
				CLANG_WARN__DUPLICATE_METHOD_MATCH = YES;
				COPY_PHASE_STRIP = NO;
				DEBUG_INFORMATION_FORMAT = dwarf;
				ENABLE_STRICT_OBJC_MSGSEND = YES;
				ENABLE_TESTABILITY = YES;
				GCC_C_LANGUAGE_STANDARD = gnu11;
				GCC_DYNAMIC_NO_PIC = NO;
				GCC_NO_COMMON_BLOCKS = YES;
				GCC_OPTIMIZATION_LEVEL = 0;
				GCC_PREPROCESSOR_DEFINITIONS = (
					"DEBUG=1",
					"$(inherited)",
				);
				GCC_WARN_64_TO_32_BIT_CONVERSION = YES;
				GCC_WARN_ABOUT_RETURN_TYPE = YES_ERROR;
				GCC_WARN_UNDECLARED_SELECTOR = YES;
				GCC_WARN_UNINITIALIZED_AUTOS = YES_AGGRESSIVE;
				GCC_WARN_UNUSED_FUNCTION = YES;
				GCC_WARN_UNUSED_VARIABLE = YES;
				IPHONEOS_DEPLOYMENT_TARGET = 16.0;
				MTL_ENABLE_DEBUG_INFO = INCLUDE_SOURCE;
				MTL_FAST_MATH = YES;
				ONLY_ACTIVE_ARCH = YES;
				SDKROOT = iphoneos;
				SWIFT_ACTIVE_COMPILATION_CONDITIONS = DEBUG;
				SWIFT_OPTIMIZATION_LEVEL = "-Onone";
			};
			name = Debug;
		};
		5217F3512A92C80900379E61 /* Release */ = {
			isa = XCBuildConfiguration;
			buildSettings = {
				ALWAYS_SEARCH_USER_PATHS = NO;
				CLANG_ANALYZER_NONNULL = YES;
				CLANG_ANALYZER_NUMBER_OBJECT_CONVERSION = YES_AGGRESSIVE;
				CLANG_CXX_LANGUAGE_STANDARD = "gnu++20";
				CLANG_ENABLE_MODULES = YES;
				CLANG_ENABLE_OBJC_ARC = YES;
				CLANG_ENABLE_OBJC_WEAK = YES;
				CLANG_WARN_BLOCK_CAPTURE_AUTORELEASING = YES;
				CLANG_WARN_BOOL_CONVERSION = YES;
				CLANG_WARN_COMMA = YES;
				CLANG_WARN_CONSTANT_CONVERSION = YES;
				CLANG_WARN_DEPRECATED_OBJC_IMPLEMENTATIONS = YES;
				CLANG_WARN_DIRECT_OBJC_ISA_USAGE = YES_ERROR;
				CLANG_WARN_DOCUMENTATION_COMMENTS = YES;
				CLANG_WARN_EMPTY_BODY = YES;
				CLANG_WARN_ENUM_CONVERSION = YES;
				CLANG_WARN_INFINITE_RECURSION = YES;
				CLANG_WARN_INT_CONVERSION = YES;
				CLANG_WARN_NON_LITERAL_NULL_CONVERSION = YES;
				CLANG_WARN_OBJC_IMPLICIT_RETAIN_SELF = YES;
				CLANG_WARN_OBJC_LITERAL_CONVERSION = YES;
				CLANG_WARN_OBJC_ROOT_CLASS = YES_ERROR;
				CLANG_WARN_QUOTED_INCLUDE_IN_FRAMEWORK_HEADER = YES;
				CLANG_WARN_RANGE_LOOP_ANALYSIS = YES;
				CLANG_WARN_STRICT_PROTOTYPES = YES;
				CLANG_WARN_SUSPICIOUS_MOVE = YES;
				CLANG_WARN_UNGUARDED_AVAILABILITY = YES_AGGRESSIVE;
				CLANG_WARN_UNREACHABLE_CODE = YES;
				CLANG_WARN__DUPLICATE_METHOD_MATCH = YES;
				COPY_PHASE_STRIP = NO;
				DEBUG_INFORMATION_FORMAT = "dwarf-with-dsym";
				ENABLE_NS_ASSERTIONS = NO;
				ENABLE_STRICT_OBJC_MSGSEND = YES;
				GCC_C_LANGUAGE_STANDARD = gnu11;
				GCC_NO_COMMON_BLOCKS = YES;
				GCC_WARN_64_TO_32_BIT_CONVERSION = YES;
				GCC_WARN_ABOUT_RETURN_TYPE = YES_ERROR;
				GCC_WARN_UNDECLARED_SELECTOR = YES;
				GCC_WARN_UNINITIALIZED_AUTOS = YES_AGGRESSIVE;
				GCC_WARN_UNUSED_FUNCTION = YES;
				GCC_WARN_UNUSED_VARIABLE = YES;
				IPHONEOS_DEPLOYMENT_TARGET = 16.0;
				MTL_ENABLE_DEBUG_INFO = NO;
				MTL_FAST_MATH = YES;
				SDKROOT = iphoneos;
				SWIFT_COMPILATION_MODE = wholemodule;
				SWIFT_OPTIMIZATION_LEVEL = "-O";
				VALIDATE_PRODUCT = YES;
			};
			name = Release;
		};
		5217F3532A92C80900379E61 /* Debug */ = {
			isa = XCBuildConfiguration;
			buildSettings = {
				ASSETCATALOG_COMPILER_APPICON_NAME = AppIcon;
				ASSETCATALOG_COMPILER_GLOBAL_ACCENT_COLOR_NAME = AccentColor;
				CODE_SIGN_STYLE = Automatic;
				CURRENT_PROJECT_VERSION = 1;
				DEVELOPMENT_ASSET_PATHS = "\"CatMemeGenerator/Preview Content\"";
				ENABLE_PREVIEWS = YES;
				GENERATE_INFOPLIST_FILE = YES;
				INFOPLIST_KEY_UIApplicationSceneManifest_Generation = YES;
				INFOPLIST_KEY_UIApplicationSupportsIndirectInputEvents = YES;
				INFOPLIST_KEY_UILaunchScreen_Generation = YES;
				INFOPLIST_KEY_UISupportedInterfaceOrientations_iPad = "UIInterfaceOrientationPortrait UIInterfaceOrientationPortraitUpsideDown UIInterfaceOrientationLandscapeLeft UIInterfaceOrientationLandscapeRight";
				INFOPLIST_KEY_UISupportedInterfaceOrientations_iPhone = "UIInterfaceOrientationPortrait UIInterfaceOrientationLandscapeLeft UIInterfaceOrientationLandscapeRight";
				LD_RUNPATH_SEARCH_PATHS = (
					"$(inherited)",
					"@executable_path/Frameworks",
				);
				MARKETING_VERSION = 1.0;
				PRODUCT_BUNDLE_IDENTIFIER = com.test.CatMemeGenerator;
				PRODUCT_NAME = "$(TARGET_NAME)";
				SWIFT_EMIT_LOC_STRINGS = YES;
				SWIFT_VERSION = 5.0;
				TARGETED_DEVICE_FAMILY = "1,2";
			};
			name = Debug;
		};
		5217F3542A92C80900379E61 /* Release */ = {
			isa = XCBuildConfiguration;
			buildSettings = {
				ASSETCATALOG_COMPILER_APPICON_NAME = AppIcon;
				ASSETCATALOG_COMPILER_GLOBAL_ACCENT_COLOR_NAME = AccentColor;
				CODE_SIGN_STYLE = Automatic;
				CURRENT_PROJECT_VERSION = 1;
				DEVELOPMENT_ASSET_PATHS = "\"CatMemeGenerator/Preview Content\"";
				ENABLE_PREVIEWS = YES;
				GENERATE_INFOPLIST_FILE = YES;
				INFOPLIST_KEY_UIApplicationSceneManifest_Generation = YES;
				INFOPLIST_KEY_UIApplicationSupportsIndirectInputEvents = YES;
				INFOPLIST_KEY_UILaunchScreen_Generation = YES;
				INFOPLIST_KEY_UISupportedInterfaceOrientations_iPad = "UIInterfaceOrientationPortrait UIInterfaceOrientationPortraitUpsideDown UIInterfaceOrientationLandscapeLeft UIInterfaceOrientationLandscapeRight";
				INFOPLIST_KEY_UISupportedInterfaceOrientations_iPhone = "UIInterfaceOrientationPortrait UIInterfaceOrientationLandscapeLeft UIInterfaceOrientationLandscapeRight";
				LD_RUNPATH_SEARCH_PATHS = (
					"$(inherited)",
					"@executable_path/Frameworks",
				);
				MARKETING_VERSION = 1.0;
				PRODUCT_BUNDLE_IDENTIFIER = com.test.CatMemeGenerator;
				PRODUCT_NAME = "$(TARGET_NAME)";
				SWIFT_EMIT_LOC_STRINGS = YES;
				SWIFT_VERSION = 5.0;
				TARGETED_DEVICE_FAMILY = "1,2";
			};
			name = Release;
		};
/* End XCBuildConfiguration section */

/* Begin XCConfigurationList section */
		5217F33F2A92C80800379E61 /* Build configuration list for PBXProject "CatMemeGenerator" */ = {
			isa = XCConfigurationList;
			buildConfigurations = (
				5217F3502A92C80900379E61 /* Debug */,
				5217F3512A92C80900379E61 /* Release */,
			);
			defaultConfigurationIsVisible = 0;
			defaultConfigurationName = Release;
		};
		5217F3522A92C80900379E61 /* Build configuration list for PBXNativeTarget "CatMemeGenerator" */ = {
			isa = XCConfigurationList;
			buildConfigurations = (
				5217F3532A92C80900379E61 /* Debug */,
				5217F3542A92C80900379E61 /* Release */,
			);
			defaultConfigurationIsVisible = 0;
			defaultConfigurationName = Release;
		};
/* End XCConfigurationList section */

/* Begin XCRemoteSwiftPackageReference section */
		5217F3732A92CB7B00379E61 /* XCRemoteSwiftPackageReference "RxSwift" */ = {
			isa = XCRemoteSwiftPackageReference;
			repositoryURL = "https://github.com/ReactiveX/RxSwift.git";
			requirement = {
				branch = main;
				kind = branch;
			};
		};
/* End XCRemoteSwiftPackageReference section */

/* Begin XCSwiftPackageProductDependency section */
		5217F3742A92CB7B00379E61 /* RxCocoa */ = {
			isa = XCSwiftPackageProductDependency;
			package = 5217F3732A92CB7B00379E61 /* XCRemoteSwiftPackageReference "RxSwift" */;
			productName = RxCocoa;
		};
		5217F3762A92CB7B00379E61 /* RxSwift */ = {
			isa = XCSwiftPackageProductDependency;
			package = 5217F3732A92CB7B00379E61 /* XCRemoteSwiftPackageReference "RxSwift" */;
			productName = RxSwift;
		};
/* End XCSwiftPackageProductDependency section */
	};
	rootObject = 5217F33C2A92C80800379E61 /* Project object */;
}
